// !$*UTF8*$!
{
	archiveVersion = 1;
	classes = {
	};
	objectVersion = 77;
	objects = {

/* Begin PBXBuildFile section */
		2ABF00A22DF0119900AB9E5E /* Pretendard-Black.otf in Resources */ = {isa = PBXBuildFile; fileRef = DF7CD9132DE787D4005870D8 /* Pretendard-Black.otf */; };
		2ABF00A32DF0119F00AB9E5E /* Pretendard-Bold.otf in Resources */ = {isa = PBXBuildFile; fileRef = DF7CD9142DE787D4005870D8 /* Pretendard-Bold.otf */; };
		2ABF00A42DF011A300AB9E5E /* Pretendard-ExtraBold.otf in Resources */ = {isa = PBXBuildFile; fileRef = DF7CD9152DE787D4005870D8 /* Pretendard-ExtraBold.otf */; };
		2ABF00A52DF011A700AB9E5E /* Pretendard-ExtraLight.otf in Resources */ = {isa = PBXBuildFile; fileRef = DF7CD9162DE787D4005870D8 /* Pretendard-ExtraLight.otf */; };
		2ABF00A62DF011AB00AB9E5E /* Pretendard-Light.otf in Resources */ = {isa = PBXBuildFile; fileRef = DF7CD9172DE787D4005870D8 /* Pretendard-Light.otf */; };
		2ABF00A72DF011AF00AB9E5E /* Pretendard-Medium.otf in Resources */ = {isa = PBXBuildFile; fileRef = DF7CD9182DE787D4005870D8 /* Pretendard-Medium.otf */; };
		2ABF00A82DF011B400AB9E5E /* Pretendard-Regular.otf in Resources */ = {isa = PBXBuildFile; fileRef = DF7CD9192DE787D4005870D8 /* Pretendard-Regular.otf */; };
		2ABF00A92DF011B800AB9E5E /* Pretendard-SemiBold.otf in Resources */ = {isa = PBXBuildFile; fileRef = DF7CD91A2DE787D4005870D8 /* Pretendard-SemiBold.otf */; };
		2ABF00AA2DF011BB00AB9E5E /* Pretendard-Thin.otf in Resources */ = {isa = PBXBuildFile; fileRef = DF7CD91B2DE787D4005870D8 /* Pretendard-Thin.otf */; };
		DF7CD9022DE78411005870D8 /* HomeView.swift in Sources */ = {isa = PBXBuildFile; fileRef = DF7CD9012DE78411005870D8 /* HomeView.swift */; };
		DF7CD9062DE784D7005870D8 /* RoomManager.swift in Sources */ = {isa = PBXBuildFile; fileRef = DF7CD9052DE784D7005870D8 /* RoomManager.swift */; };
		DF7CD9552DE79339005870D8 /* SplashView.swift in Sources */ = {isa = PBXBuildFile; fileRef = DF7CD9542DE79339005870D8 /* SplashView.swift */; };
		DF7CD9572DE7934E005870D8 /* LoginView.swift in Sources */ = {isa = PBXBuildFile; fileRef = DF7CD9562DE7934E005870D8 /* LoginView.swift */; };
		DF7CD9592DE7935E005870D8 /* JoinMeetingView.swift in Sources */ = {isa = PBXBuildFile; fileRef = DF7CD9582DE7935E005870D8 /* JoinMeetingView.swift */; };
		DF7CD95B2DE7936B005870D8 /* CreateMeetingView.swift in Sources */ = {isa = PBXBuildFile; fileRef = DF7CD95A2DE7936B005870D8 /* CreateMeetingView.swift */; };
		DF7CD95D2DE79378005870D8 /* MeetingView.swift in Sources */ = {isa = PBXBuildFile; fileRef = DF7CD95C2DE79378005870D8 /* MeetingView.swift */; };
		DF7CD95F2DE79386005870D8 /* ExitView.swift in Sources */ = {isa = PBXBuildFile; fileRef = DF7CD95E2DE79386005870D8 /* ExitView.swift */; };
		DFF3D3F02DEF2A1200E1EBA6 /* RoundedCorner.swift in Sources */ = {isa = PBXBuildFile; fileRef = DFF3D3EF2DEF2A1200E1EBA6 /* RoundedCorner.swift */; };
/* End PBXBuildFile section */

/* Begin PBXContainerItemProxy section */
		DFCAAD1A2DE781060037ECE6 /* PBXContainerItemProxy */ = {
			isa = PBXContainerItemProxy;
			containerPortal = DFCAAD042DE781030037ECE6 /* Project object */;
			proxyType = 1;
			remoteGlobalIDString = DFCAAD0B2DE781030037ECE6;
			remoteInfo = MeetingApp;
		};
		DFCAAD242DE781060037ECE6 /* PBXContainerItemProxy */ = {
			isa = PBXContainerItemProxy;
			containerPortal = DFCAAD042DE781030037ECE6 /* Project object */;
			proxyType = 1;
			remoteGlobalIDString = DFCAAD0B2DE781030037ECE6;
			remoteInfo = MeetingApp;
		};
/* End PBXContainerItemProxy section */

/* Begin PBXFileReference section */
		DF7CD9012DE78411005870D8 /* HomeView.swift */ = {isa = PBXFileReference; lastKnownFileType = sourcecode.swift; path = HomeView.swift; sourceTree = "<group>"; };
		DF7CD9052DE784D7005870D8 /* RoomManager.swift */ = {isa = PBXFileReference; lastKnownFileType = sourcecode.swift; path = RoomManager.swift; sourceTree = "<group>"; };
		DF7CD9132DE787D4005870D8 /* Pretendard-Black.otf */ = {isa = PBXFileReference; lastKnownFileType = file; path = "Pretendard-Black.otf"; sourceTree = "<group>"; };
		DF7CD9142DE787D4005870D8 /* Pretendard-Bold.otf */ = {isa = PBXFileReference; lastKnownFileType = file; path = "Pretendard-Bold.otf"; sourceTree = "<group>"; };
		DF7CD9152DE787D4005870D8 /* Pretendard-ExtraBold.otf */ = {isa = PBXFileReference; lastKnownFileType = file; path = "Pretendard-ExtraBold.otf"; sourceTree = "<group>"; };
		DF7CD9162DE787D4005870D8 /* Pretendard-ExtraLight.otf */ = {isa = PBXFileReference; lastKnownFileType = file; path = "Pretendard-ExtraLight.otf"; sourceTree = "<group>"; };
		DF7CD9172DE787D4005870D8 /* Pretendard-Light.otf */ = {isa = PBXFileReference; lastKnownFileType = file; path = "Pretendard-Light.otf"; sourceTree = "<group>"; };
		DF7CD9182DE787D4005870D8 /* Pretendard-Medium.otf */ = {isa = PBXFileReference; lastKnownFileType = file; path = "Pretendard-Medium.otf"; sourceTree = "<group>"; };
		DF7CD9192DE787D4005870D8 /* Pretendard-Regular.otf */ = {isa = PBXFileReference; lastKnownFileType = file; path = "Pretendard-Regular.otf"; sourceTree = "<group>"; };
		DF7CD91A2DE787D4005870D8 /* Pretendard-SemiBold.otf */ = {isa = PBXFileReference; lastKnownFileType = file; path = "Pretendard-SemiBold.otf"; sourceTree = "<group>"; };
		DF7CD91B2DE787D4005870D8 /* Pretendard-Thin.otf */ = {isa = PBXFileReference; lastKnownFileType = file; path = "Pretendard-Thin.otf"; sourceTree = "<group>"; };
		DF7CD9542DE79339005870D8 /* SplashView.swift */ = {isa = PBXFileReference; lastKnownFileType = sourcecode.swift; path = SplashView.swift; sourceTree = "<group>"; };
		DF7CD9562DE7934E005870D8 /* LoginView.swift */ = {isa = PBXFileReference; lastKnownFileType = sourcecode.swift; path = LoginView.swift; sourceTree = "<group>"; };
		DF7CD9582DE7935E005870D8 /* JoinMeetingView.swift */ = {isa = PBXFileReference; lastKnownFileType = sourcecode.swift; path = JoinMeetingView.swift; sourceTree = "<group>"; };
		DF7CD95A2DE7936B005870D8 /* CreateMeetingView.swift */ = {isa = PBXFileReference; lastKnownFileType = sourcecode.swift; path = CreateMeetingView.swift; sourceTree = "<group>"; };
		DF7CD95C2DE79378005870D8 /* MeetingView.swift */ = {isa = PBXFileReference; lastKnownFileType = sourcecode.swift; path = MeetingView.swift; sourceTree = "<group>"; };
		DF7CD95E2DE79386005870D8 /* ExitView.swift */ = {isa = PBXFileReference; lastKnownFileType = sourcecode.swift; path = ExitView.swift; sourceTree = "<group>"; };
		DFCAAD0C2DE781030037ECE6 /* MeetingApp.app */ = {isa = PBXFileReference; explicitFileType = wrapper.application; includeInIndex = 0; path = MeetingApp.app; sourceTree = BUILT_PRODUCTS_DIR; };
		DFCAAD192DE781060037ECE6 /* MeetingAppTests.xctest */ = {isa = PBXFileReference; explicitFileType = wrapper.cfbundle; includeInIndex = 0; path = MeetingAppTests.xctest; sourceTree = BUILT_PRODUCTS_DIR; };
		DFCAAD232DE781060037ECE6 /* MeetingAppUITests.xctest */ = {isa = PBXFileReference; explicitFileType = wrapper.cfbundle; includeInIndex = 0; path = MeetingAppUITests.xctest; sourceTree = BUILT_PRODUCTS_DIR; };
		DFF3D3EF2DEF2A1200E1EBA6 /* RoundedCorner.swift */ = {isa = PBXFileReference; lastKnownFileType = sourcecode.swift; path = RoundedCorner.swift; sourceTree = "<group>"; };
/* End PBXFileReference section */

/* Begin PBXFileSystemSynchronizedBuildFileExceptionSet section */
		DF7CD9532DE78897005870D8 /* Exceptions for "MeetingApp" folder in "MeetingApp" target */ = {
			isa = PBXFileSystemSynchronizedBuildFileExceptionSet;
			membershipExceptions = (
				Info.plist,
			);
			target = DFCAAD0B2DE781030037ECE6 /* MeetingApp */;
		};
/* End PBXFileSystemSynchronizedBuildFileExceptionSet section */

/* Begin PBXFileSystemSynchronizedRootGroup section */
		DFCAAD0E2DE781030037ECE6 /* MeetingApp */ = {
			isa = PBXFileSystemSynchronizedRootGroup;
			exceptions = (
				DF7CD9532DE78897005870D8 /* Exceptions for "MeetingApp" folder in "MeetingApp" target */,
			);
			path = MeetingApp;
			sourceTree = "<group>";
		};
		DFCAAD1C2DE781060037ECE6 /* MeetingAppTests */ = {
			isa = PBXFileSystemSynchronizedRootGroup;
			path = MeetingAppTests;
			sourceTree = "<group>";
		};
		DFCAAD262DE781060037ECE6 /* MeetingAppUITests */ = {
			isa = PBXFileSystemSynchronizedRootGroup;
			path = MeetingAppUITests;
			sourceTree = "<group>";
		};
/* End PBXFileSystemSynchronizedRootGroup section */

/* Begin PBXFrameworksBuildPhase section */
		DFCAAD092DE781030037ECE6 /* Frameworks */ = {
			isa = PBXFrameworksBuildPhase;
			buildActionMask = 2147483647;
			files = (
			);
			runOnlyForDeploymentPostprocessing = 0;
		};
		DFCAAD162DE781060037ECE6 /* Frameworks */ = {
			isa = PBXFrameworksBuildPhase;
			buildActionMask = 2147483647;
			files = (
			);
			runOnlyForDeploymentPostprocessing = 0;
		};
		DFCAAD202DE781060037ECE6 /* Frameworks */ = {
			isa = PBXFrameworksBuildPhase;
			buildActionMask = 2147483647;
			files = (
			);
			runOnlyForDeploymentPostprocessing = 0;
		};
/* End PBXFrameworksBuildPhase section */

/* Begin PBXGroup section */
		DF7CD9032DE78480005870D8 /* Views */ = {
			isa = PBXGroup;
			children = (
				DF7CD9132DE787D4005870D8 /* Pretendard-Black.otf */,
				DF7CD9142DE787D4005870D8 /* Pretendard-Bold.otf */,
				DF7CD9152DE787D4005870D8 /* Pretendard-ExtraBold.otf */,
				DF7CD9162DE787D4005870D8 /* Pretendard-ExtraLight.otf */,
				DF7CD9172DE787D4005870D8 /* Pretendard-Light.otf */,
				DF7CD9182DE787D4005870D8 /* Pretendard-Medium.otf */,
				DF7CD9192DE787D4005870D8 /* Pretendard-Regular.otf */,
				DF7CD91A2DE787D4005870D8 /* Pretendard-SemiBold.otf */,
				DF7CD91B2DE787D4005870D8 /* Pretendard-Thin.otf */,
				DF7CD9542DE79339005870D8 /* SplashView.swift */,
				DF7CD9562DE7934E005870D8 /* LoginView.swift */,
				DF7CD9012DE78411005870D8 /* HomeView.swift */,
				DF7CD9582DE7935E005870D8 /* JoinMeetingView.swift */,
				DF7CD95A2DE7936B005870D8 /* CreateMeetingView.swift */,
				DF7CD95C2DE79378005870D8 /* MeetingView.swift */,
				DF7CD95E2DE79386005870D8 /* ExitView.swift */,
				DFF3D3EF2DEF2A1200E1EBA6 /* RoundedCorner.swift */,
			);
			path = Views;
			sourceTree = "<group>";
		};
		DF7CD9042DE7849F005870D8 /* Livekit */ = {
			isa = PBXGroup;
			children = (
				DF7CD9052DE784D7005870D8 /* RoomManager.swift */,
			);
			path = Livekit;
			sourceTree = "<group>";
		};
		DFCAAD032DE781030037ECE6 = {
			isa = PBXGroup;
			children = (
				DF7CD9042DE7849F005870D8 /* Livekit */,
				DF7CD9032DE78480005870D8 /* Views */,
				DFCAAD0E2DE781030037ECE6 /* MeetingApp */,
				DFCAAD1C2DE781060037ECE6 /* MeetingAppTests */,
				DFCAAD262DE781060037ECE6 /* MeetingAppUITests */,
				DFCAAD0D2DE781030037ECE6 /* Products */,
			);
			sourceTree = "<group>";
		};
		DFCAAD0D2DE781030037ECE6 /* Products */ = {
			isa = PBXGroup;
			children = (
				DFCAAD0C2DE781030037ECE6 /* MeetingApp.app */,
				DFCAAD192DE781060037ECE6 /* MeetingAppTests.xctest */,
				DFCAAD232DE781060037ECE6 /* MeetingAppUITests.xctest */,
			);
			name = Products;
			sourceTree = "<group>";
		};
/* End PBXGroup section */

/* Begin PBXNativeTarget section */
		DFCAAD0B2DE781030037ECE6 /* MeetingApp */ = {
			isa = PBXNativeTarget;
			buildConfigurationList = DFCAAD2D2DE781060037ECE6 /* Build configuration list for PBXNativeTarget "MeetingApp" */;
			buildPhases = (
				DFCAAD082DE781030037ECE6 /* Sources */,
				DFCAAD092DE781030037ECE6 /* Frameworks */,
				DFCAAD0A2DE781030037ECE6 /* Resources */,
			);
			buildRules = (
			);
			dependencies = (
			);
			fileSystemSynchronizedGroups = (
				DFCAAD0E2DE781030037ECE6 /* MeetingApp */,
			);
			name = MeetingApp;
			packageProductDependencies = (
			);
			productName = MeetingApp;
			productReference = DFCAAD0C2DE781030037ECE6 /* MeetingApp.app */;
			productType = "com.apple.product-type.application";
		};
		DFCAAD182DE781060037ECE6 /* MeetingAppTests */ = {
			isa = PBXNativeTarget;
			buildConfigurationList = DFCAAD302DE781060037ECE6 /* Build configuration list for PBXNativeTarget "MeetingAppTests" */;
			buildPhases = (
				DFCAAD152DE781060037ECE6 /* Sources */,
				DFCAAD162DE781060037ECE6 /* Frameworks */,
				DFCAAD172DE781060037ECE6 /* Resources */,
			);
			buildRules = (
			);
			dependencies = (
				DFCAAD1B2DE781060037ECE6 /* PBXTargetDependency */,
			);
			fileSystemSynchronizedGroups = (
				DFCAAD1C2DE781060037ECE6 /* MeetingAppTests */,
			);
			name = MeetingAppTests;
			packageProductDependencies = (
			);
			productName = MeetingAppTests;
			productReference = DFCAAD192DE781060037ECE6 /* MeetingAppTests.xctest */;
			productType = "com.apple.product-type.bundle.unit-test";
		};
		DFCAAD222DE781060037ECE6 /* MeetingAppUITests */ = {
			isa = PBXNativeTarget;
			buildConfigurationList = DFCAAD332DE781060037ECE6 /* Build configuration list for PBXNativeTarget "MeetingAppUITests" */;
			buildPhases = (
				DFCAAD1F2DE781060037ECE6 /* Sources */,
				DFCAAD202DE781060037ECE6 /* Frameworks */,
				DFCAAD212DE781060037ECE6 /* Resources */,
			);
			buildRules = (
			);
			dependencies = (
				DFCAAD252DE781060037ECE6 /* PBXTargetDependency */,
			);
			fileSystemSynchronizedGroups = (
				DFCAAD262DE781060037ECE6 /* MeetingAppUITests */,
			);
			name = MeetingAppUITests;
			packageProductDependencies = (
			);
			productName = MeetingAppUITests;
			productReference = DFCAAD232DE781060037ECE6 /* MeetingAppUITests.xctest */;
			productType = "com.apple.product-type.bundle.ui-testing";
		};
/* End PBXNativeTarget section */

/* Begin PBXProject section */
		DFCAAD042DE781030037ECE6 /* Project object */ = {
			isa = PBXProject;
			attributes = {
				BuildIndependentTargetsInParallel = 1;
				LastSwiftUpdateCheck = 1630;
				LastUpgradeCheck = 1630;
				TargetAttributes = {
					DFCAAD0B2DE781030037ECE6 = {
						CreatedOnToolsVersion = 16.3;
					};
					DFCAAD182DE781060037ECE6 = {
						CreatedOnToolsVersion = 16.3;
						TestTargetID = DFCAAD0B2DE781030037ECE6;
					};
					DFCAAD222DE781060037ECE6 = {
						CreatedOnToolsVersion = 16.3;
						TestTargetID = DFCAAD0B2DE781030037ECE6;
					};
				};
			};
			buildConfigurationList = DFCAAD072DE781030037ECE6 /* Build configuration list for PBXProject "MeetingApp" */;
			developmentRegion = en;
			hasScannedForEncodings = 0;
			knownRegions = (
				en,
				Base,
			);
			mainGroup = DFCAAD032DE781030037ECE6;
			minimizedProjectReferenceProxies = 1;
			packageReferences = (
				DF7CD8FA2DE782FE005870D8 /* XCRemoteSwiftPackageReference "client-sdk-swift" */,
			);
			preferredProjectObjectVersion = 77;
			productRefGroup = DFCAAD0D2DE781030037ECE6 /* Products */;
			projectDirPath = "";
			projectRoot = "";
			targets = (
				DFCAAD0B2DE781030037ECE6 /* MeetingApp */,
				DFCAAD182DE781060037ECE6 /* MeetingAppTests */,
				DFCAAD222DE781060037ECE6 /* MeetingAppUITests */,
			);
		};
/* End PBXProject section */

/* Begin PBXResourcesBuildPhase section */
		DFCAAD0A2DE781030037ECE6 /* Resources */ = {
			isa = PBXResourcesBuildPhase;
			buildActionMask = 2147483647;
			files = (
				2ABF00A72DF011AF00AB9E5E /* Pretendard-Medium.otf in Resources */,
				2ABF00AA2DF011BB00AB9E5E /* Pretendard-Thin.otf in Resources */,
				2ABF00A22DF0119900AB9E5E /* Pretendard-Black.otf in Resources */,
				2ABF00A32DF0119F00AB9E5E /* Pretendard-Bold.otf in Resources */,
				2ABF00A52DF011A700AB9E5E /* Pretendard-ExtraLight.otf in Resources */,
				2ABF00A42DF011A300AB9E5E /* Pretendard-ExtraBold.otf in Resources */,
				2ABF00A82DF011B400AB9E5E /* Pretendard-Regular.otf in Resources */,
				2ABF00A92DF011B800AB9E5E /* Pretendard-SemiBold.otf in Resources */,
				2ABF00A62DF011AB00AB9E5E /* Pretendard-Light.otf in Resources */,
			);
			runOnlyForDeploymentPostprocessing = 0;
		};
		DFCAAD172DE781060037ECE6 /* Resources */ = {
			isa = PBXResourcesBuildPhase;
			buildActionMask = 2147483647;
			files = (
			);
			runOnlyForDeploymentPostprocessing = 0;
		};
		DFCAAD212DE781060037ECE6 /* Resources */ = {
			isa = PBXResourcesBuildPhase;
			buildActionMask = 2147483647;
			files = (
			);
			runOnlyForDeploymentPostprocessing = 0;
		};
/* End PBXResourcesBuildPhase section */

/* Begin PBXSourcesBuildPhase section */
		DFCAAD082DE781030037ECE6 /* Sources */ = {
			isa = PBXSourcesBuildPhase;
			buildActionMask = 2147483647;
			files = (
				DF7CD95F2DE79386005870D8 /* ExitView.swift in Sources */,
				DF7CD95B2DE7936B005870D8 /* CreateMeetingView.swift in Sources */,
				DF7CD9022DE78411005870D8 /* HomeView.swift in Sources */,
				DF7CD95D2DE79378005870D8 /* MeetingView.swift in Sources */,
				DF7CD9062DE784D7005870D8 /* RoomManager.swift in Sources */,
				DFF3D3F02DEF2A1200E1EBA6 /* RoundedCorner.swift in Sources */,
				DF7CD9572DE7934E005870D8 /* LoginView.swift in Sources */,
				DF7CD9592DE7935E005870D8 /* JoinMeetingView.swift in Sources */,
				DF7CD9552DE79339005870D8 /* SplashView.swift in Sources */,
			);
			runOnlyForDeploymentPostprocessing = 0;
		};
		DFCAAD152DE781060037ECE6 /* Sources */ = {
			isa = PBXSourcesBuildPhase;
			buildActionMask = 2147483647;
			files = (
			);
			runOnlyForDeploymentPostprocessing = 0;
		};
		DFCAAD1F2DE781060037ECE6 /* Sources */ = {
			isa = PBXSourcesBuildPhase;
			buildActionMask = 2147483647;
			files = (
			);
			runOnlyForDeploymentPostprocessing = 0;
		};
/* End PBXSourcesBuildPhase section */

/* Begin PBXTargetDependency section */
		DFCAAD1B2DE781060037ECE6 /* PBXTargetDependency */ = {
			isa = PBXTargetDependency;
			target = DFCAAD0B2DE781030037ECE6 /* MeetingApp */;
			targetProxy = DFCAAD1A2DE781060037ECE6 /* PBXContainerItemProxy */;
		};
		DFCAAD252DE781060037ECE6 /* PBXTargetDependency */ = {
			isa = PBXTargetDependency;
			target = DFCAAD0B2DE781030037ECE6 /* MeetingApp */;
			targetProxy = DFCAAD242DE781060037ECE6 /* PBXContainerItemProxy */;
		};
/* End PBXTargetDependency section */

/* Begin XCBuildConfiguration section */
		DFCAAD2B2DE781060037ECE6 /* Debug */ = {
			isa = XCBuildConfiguration;
			buildSettings = {
				ALWAYS_SEARCH_USER_PATHS = NO;
				ASSETCATALOG_COMPILER_GENERATE_SWIFT_ASSET_SYMBOL_EXTENSIONS = YES;
				CLANG_ANALYZER_NONNULL = YES;
				CLANG_ANALYZER_NUMBER_OBJECT_CONVERSION = YES_AGGRESSIVE;
				CLANG_CXX_LANGUAGE_STANDARD = "gnu++20";
				CLANG_ENABLE_MODULES = YES;
				CLANG_ENABLE_OBJC_ARC = YES;
				CLANG_ENABLE_OBJC_WEAK = YES;
				CLANG_WARN_BLOCK_CAPTURE_AUTORELEASING = YES;
				CLANG_WARN_BOOL_CONVERSION = YES;
				CLANG_WARN_COMMA = YES;
				CLANG_WARN_CONSTANT_CONVERSION = YES;
				CLANG_WARN_DEPRECATED_OBJC_IMPLEMENTATIONS = YES;
				CLANG_WARN_DIRECT_OBJC_ISA_USAGE = YES_ERROR;
				CLANG_WARN_DOCUMENTATION_COMMENTS = YES;
				CLANG_WARN_EMPTY_BODY = YES;
				CLANG_WARN_ENUM_CONVERSION = YES;
				CLANG_WARN_INFINITE_RECURSION = YES;
				CLANG_WARN_INT_CONVERSION = YES;
				CLANG_WARN_NON_LITERAL_NULL_CONVERSION = YES;
				CLANG_WARN_OBJC_IMPLICIT_RETAIN_SELF = YES;
				CLANG_WARN_OBJC_LITERAL_CONVERSION = YES;
				CLANG_WARN_OBJC_ROOT_CLASS = YES_ERROR;
				CLANG_WARN_QUOTED_INCLUDE_IN_FRAMEWORK_HEADER = YES;
				CLANG_WARN_RANGE_LOOP_ANALYSIS = YES;
				CLANG_WARN_STRICT_PROTOTYPES = YES;
				CLANG_WARN_SUSPICIOUS_MOVE = YES;
				CLANG_WARN_UNGUARDED_AVAILABILITY = YES_AGGRESSIVE;
				CLANG_WARN_UNREACHABLE_CODE = YES;
				CLANG_WARN__DUPLICATE_METHOD_MATCH = YES;
				COPY_PHASE_STRIP = NO;
				DEBUG_INFORMATION_FORMAT = dwarf;
				ENABLE_STRICT_OBJC_MSGSEND = YES;
				ENABLE_TESTABILITY = YES;
				ENABLE_USER_SCRIPT_SANDBOXING = YES;
				GCC_C_LANGUAGE_STANDARD = gnu17;
				GCC_DYNAMIC_NO_PIC = NO;
				GCC_NO_COMMON_BLOCKS = YES;
				GCC_OPTIMIZATION_LEVEL = 0;
				GCC_PREPROCESSOR_DEFINITIONS = (
					"DEBUG=1",
					"$(inherited)",
				);
				GCC_WARN_64_TO_32_BIT_CONVERSION = YES;
				GCC_WARN_ABOUT_RETURN_TYPE = YES_ERROR;
				GCC_WARN_UNDECLARED_SELECTOR = YES;
				GCC_WARN_UNINITIALIZED_AUTOS = YES_AGGRESSIVE;
				GCC_WARN_UNUSED_FUNCTION = YES;
				GCC_WARN_UNUSED_VARIABLE = YES;
				IPHONEOS_DEPLOYMENT_TARGET = 18.4;
				LOCALIZATION_PREFERS_STRING_CATALOGS = YES;
				MTL_ENABLE_DEBUG_INFO = INCLUDE_SOURCE;
				MTL_FAST_MATH = YES;
				ONLY_ACTIVE_ARCH = YES;
				SDKROOT = iphoneos;
				SWIFT_ACTIVE_COMPILATION_CONDITIONS = "DEBUG $(inherited)";
				SWIFT_OPTIMIZATION_LEVEL = "-Onone";
			};
			name = Debug;
		};
		DFCAAD2C2DE781060037ECE6 /* Release */ = {
			isa = XCBuildConfiguration;
			buildSettings = {
				ALWAYS_SEARCH_USER_PATHS = NO;
				ASSETCATALOG_COMPILER_GENERATE_SWIFT_ASSET_SYMBOL_EXTENSIONS = YES;
				CLANG_ANALYZER_NONNULL = YES;
				CLANG_ANALYZER_NUMBER_OBJECT_CONVERSION = YES_AGGRESSIVE;
				CLANG_CXX_LANGUAGE_STANDARD = "gnu++20";
				CLANG_ENABLE_MODULES = YES;
				CLANG_ENABLE_OBJC_ARC = YES;
				CLANG_ENABLE_OBJC_WEAK = YES;
				CLANG_WARN_BLOCK_CAPTURE_AUTORELEASING = YES;
				CLANG_WARN_BOOL_CONVERSION = YES;
				CLANG_WARN_COMMA = YES;
				CLANG_WARN_CONSTANT_CONVERSION = YES;
				CLANG_WARN_DEPRECATED_OBJC_IMPLEMENTATIONS = YES;
				CLANG_WARN_DIRECT_OBJC_ISA_USAGE = YES_ERROR;
				CLANG_WARN_DOCUMENTATION_COMMENTS = YES;
				CLANG_WARN_EMPTY_BODY = YES;
				CLANG_WARN_ENUM_CONVERSION = YES;
				CLANG_WARN_INFINITE_RECURSION = YES;
				CLANG_WARN_INT_CONVERSION = YES;
				CLANG_WARN_NON_LITERAL_NULL_CONVERSION = YES;
				CLANG_WARN_OBJC_IMPLICIT_RETAIN_SELF = YES;
				CLANG_WARN_OBJC_LITERAL_CONVERSION = YES;
				CLANG_WARN_OBJC_ROOT_CLASS = YES_ERROR;
				CLANG_WARN_QUOTED_INCLUDE_IN_FRAMEWORK_HEADER = YES;
				CLANG_WARN_RANGE_LOOP_ANALYSIS = YES;
				CLANG_WARN_STRICT_PROTOTYPES = YES;
				CLANG_WARN_SUSPICIOUS_MOVE = YES;
				CLANG_WARN_UNGUARDED_AVAILABILITY = YES_AGGRESSIVE;
				CLANG_WARN_UNREACHABLE_CODE = YES;
				CLANG_WARN__DUPLICATE_METHOD_MATCH = YES;
				COPY_PHASE_STRIP = NO;
				DEBUG_INFORMATION_FORMAT = "dwarf-with-dsym";
				ENABLE_NS_ASSERTIONS = NO;
				ENABLE_STRICT_OBJC_MSGSEND = YES;
				ENABLE_USER_SCRIPT_SANDBOXING = YES;
				GCC_C_LANGUAGE_STANDARD = gnu17;
				GCC_NO_COMMON_BLOCKS = YES;
				GCC_WARN_64_TO_32_BIT_CONVERSION = YES;
				GCC_WARN_ABOUT_RETURN_TYPE = YES_ERROR;
				GCC_WARN_UNDECLARED_SELECTOR = YES;
				GCC_WARN_UNINITIALIZED_AUTOS = YES_AGGRESSIVE;
				GCC_WARN_UNUSED_FUNCTION = YES;
				GCC_WARN_UNUSED_VARIABLE = YES;
				IPHONEOS_DEPLOYMENT_TARGET = 18.4;
				LOCALIZATION_PREFERS_STRING_CATALOGS = YES;
				MTL_ENABLE_DEBUG_INFO = NO;
				MTL_FAST_MATH = YES;
				SDKROOT = iphoneos;
				SWIFT_COMPILATION_MODE = wholemodule;
				VALIDATE_PRODUCT = YES;
			};
			name = Release;
		};
		DFCAAD2E2DE781060037ECE6 /* Debug */ = {
			isa = XCBuildConfiguration;
			buildSettings = {
				ASSETCATALOG_COMPILER_APPICON_NAME = AppIcon;
				ASSETCATALOG_COMPILER_GLOBAL_ACCENT_COLOR_NAME = AccentColor;
				CODE_SIGN_STYLE = Automatic;
				CURRENT_PROJECT_VERSION = 1;
				ENABLE_PREVIEWS = YES;
				GENERATE_INFOPLIST_FILE = YES;
				INFOPLIST_FILE = MeetingApp/Info.plist;
				INFOPLIST_KEY_UIApplicationSceneManifest_Generation = YES;
				INFOPLIST_KEY_UIApplicationSupportsIndirectInputEvents = YES;
				INFOPLIST_KEY_UILaunchScreen_Generation = YES;
				INFOPLIST_KEY_UISupportedInterfaceOrientations_iPad = "UIInterfaceOrientationPortrait UIInterfaceOrientationPortraitUpsideDown UIInterfaceOrientationLandscapeLeft UIInterfaceOrientationLandscapeRight";
				INFOPLIST_KEY_UISupportedInterfaceOrientations_iPhone = "UIInterfaceOrientationPortrait UIInterfaceOrientationLandscapeLeft UIInterfaceOrientationLandscapeRight";
				IPHONEOS_DEPLOYMENT_TARGET = 18.0;
				LD_RUNPATH_SEARCH_PATHS = (
					"$(inherited)",
					"@executable_path/Frameworks",
				);
				MARKETING_VERSION = 1.0;
				PRODUCT_BUNDLE_IDENTIFIER = suincompany.MeetingApp;
				PRODUCT_NAME = "$(TARGET_NAME)";
				SWIFT_EMIT_LOC_STRINGS = YES;
				SWIFT_VERSION = 5.0;
				TARGETED_DEVICE_FAMILY = "1,2";
			};
			name = Debug;
		};
		DFCAAD2F2DE781060037ECE6 /* Release */ = {
			isa = XCBuildConfiguration;
			buildSettings = {
				ASSETCATALOG_COMPILER_APPICON_NAME = AppIcon;
				ASSETCATALOG_COMPILER_GLOBAL_ACCENT_COLOR_NAME = AccentColor;
				CODE_SIGN_STYLE = Automatic;
				CURRENT_PROJECT_VERSION = 1;
				ENABLE_PREVIEWS = YES;
				GENERATE_INFOPLIST_FILE = YES;
				INFOPLIST_FILE = MeetingApp/Info.plist;
				INFOPLIST_KEY_UIApplicationSceneManifest_Generation = YES;
				INFOPLIST_KEY_UIApplicationSupportsIndirectInputEvents = YES;
				INFOPLIST_KEY_UILaunchScreen_Generation = YES;
				INFOPLIST_KEY_UISupportedInterfaceOrientations_iPad = "UIInterfaceOrientationPortrait UIInterfaceOrientationPortraitUpsideDown UIInterfaceOrientationLandscapeLeft UIInterfaceOrientationLandscapeRight";
				INFOPLIST_KEY_UISupportedInterfaceOrientations_iPhone = "UIInterfaceOrientationPortrait UIInterfaceOrientationLandscapeLeft UIInterfaceOrientationLandscapeRight";
				IPHONEOS_DEPLOYMENT_TARGET = 18.0;
				LD_RUNPATH_SEARCH_PATHS = (
					"$(inherited)",
					"@executable_path/Frameworks",
				);
				MARKETING_VERSION = 1.0;
				PRODUCT_BUNDLE_IDENTIFIER = suincompany.MeetingApp;
				PRODUCT_NAME = "$(TARGET_NAME)";
				SWIFT_EMIT_LOC_STRINGS = YES;
				SWIFT_VERSION = 5.0;
				TARGETED_DEVICE_FAMILY = "1,2";
			};
			name = Release;
		};
		DFCAAD312DE781060037ECE6 /* Debug */ = {
			isa = XCBuildConfiguration;
			buildSettings = {
				BUNDLE_LOADER = "$(TEST_HOST)";
				CODE_SIGN_STYLE = Automatic;
				CURRENT_PROJECT_VERSION = 1;
				GENERATE_INFOPLIST_FILE = YES;
				IPHONEOS_DEPLOYMENT_TARGET = 18.4;
				MARKETING_VERSION = 1.0;
				PRODUCT_BUNDLE_IDENTIFIER = suincompany.MeetingAppTests;
				PRODUCT_NAME = "$(TARGET_NAME)";
				SWIFT_EMIT_LOC_STRINGS = NO;
				SWIFT_VERSION = 5.0;
				TARGETED_DEVICE_FAMILY = "1,2";
				TEST_HOST = "$(BUILT_PRODUCTS_DIR)/MeetingApp.app/$(BUNDLE_EXECUTABLE_FOLDER_PATH)/MeetingApp";
			};
			name = Debug;
		};
		DFCAAD322DE781060037ECE6 /* Release */ = {
			isa = XCBuildConfiguration;
			buildSettings = {
				BUNDLE_LOADER = "$(TEST_HOST)";
				CODE_SIGN_STYLE = Automatic;
				CURRENT_PROJECT_VERSION = 1;
				GENERATE_INFOPLIST_FILE = YES;
				IPHONEOS_DEPLOYMENT_TARGET = 18.4;
				MARKETING_VERSION = 1.0;
				PRODUCT_BUNDLE_IDENTIFIER = suincompany.MeetingAppTests;
				PRODUCT_NAME = "$(TARGET_NAME)";
				SWIFT_EMIT_LOC_STRINGS = NO;
				SWIFT_VERSION = 5.0;
				TARGETED_DEVICE_FAMILY = "1,2";
				TEST_HOST = "$(BUILT_PRODUCTS_DIR)/MeetingApp.app/$(BUNDLE_EXECUTABLE_FOLDER_PATH)/MeetingApp";
			};
			name = Release;
		};
		DFCAAD342DE781060037ECE6 /* Debug */ = {
			isa = XCBuildConfiguration;
			buildSettings = {
				CODE_SIGN_STYLE = Automatic;
				CURRENT_PROJECT_VERSION = 1;
				GENERATE_INFOPLIST_FILE = YES;
				MARKETING_VERSION = 1.0;
				PRODUCT_BUNDLE_IDENTIFIER = suincompany.MeetingAppUITests;
				PRODUCT_NAME = "$(TARGET_NAME)";
				SWIFT_EMIT_LOC_STRINGS = NO;
				SWIFT_VERSION = 5.0;
				TARGETED_DEVICE_FAMILY = "1,2";
				TEST_TARGET_NAME = MeetingApp;
			};
			name = Debug;
		};
		DFCAAD352DE781060037ECE6 /* Release */ = {
			isa = XCBuildConfiguration;
			buildSettings = {
				CODE_SIGN_STYLE = Automatic;
				CURRENT_PROJECT_VERSION = 1;
				GENERATE_INFOPLIST_FILE = YES;
				MARKETING_VERSION = 1.0;
				PRODUCT_BUNDLE_IDENTIFIER = suincompany.MeetingAppUITests;
				PRODUCT_NAME = "$(TARGET_NAME)";
				SWIFT_EMIT_LOC_STRINGS = NO;
				SWIFT_VERSION = 5.0;
				TARGETED_DEVICE_FAMILY = "1,2";
				TEST_TARGET_NAME = MeetingApp;
			};
			name = Release;
		};
/* End XCBuildConfiguration section */

/* Begin XCConfigurationList section */
		DFCAAD072DE781030037ECE6 /* Build configuration list for PBXProject "MeetingApp" */ = {
			isa = XCConfigurationList;
			buildConfigurations = (
				DFCAAD2B2DE781060037ECE6 /* Debug */,
				DFCAAD2C2DE781060037ECE6 /* Release */,
			);
			defaultConfigurationIsVisible = 0;
			defaultConfigurationName = Release;
		};
		DFCAAD2D2DE781060037ECE6 /* Build configuration list for PBXNativeTarget "MeetingApp" */ = {
			isa = XCConfigurationList;
			buildConfigurations = (
				DFCAAD2E2DE781060037ECE6 /* Debug */,
				DFCAAD2F2DE781060037ECE6 /* Release */,
			);
			defaultConfigurationIsVisible = 0;
			defaultConfigurationName = Release;
		};
		DFCAAD302DE781060037ECE6 /* Build configuration list for PBXNativeTarget "MeetingAppTests" */ = {
			isa = XCConfigurationList;
			buildConfigurations = (
				DFCAAD312DE781060037ECE6 /* Debug */,
				DFCAAD322DE781060037ECE6 /* Release */,
			);
			defaultConfigurationIsVisible = 0;
			defaultConfigurationName = Release;
		};
		DFCAAD332DE781060037ECE6 /* Build configuration list for PBXNativeTarget "MeetingAppUITests" */ = {
			isa = XCConfigurationList;
			buildConfigurations = (
				DFCAAD342DE781060037ECE6 /* Debug */,
				DFCAAD352DE781060037ECE6 /* Release */,
			);
			defaultConfigurationIsVisible = 0;
			defaultConfigurationName = Release;
		};
/* End XCConfigurationList section */

/* Begin XCRemoteSwiftPackageReference section */
		DF7CD8FA2DE782FE005870D8 /* XCRemoteSwiftPackageReference "client-sdk-swift" */ = {
			isa = XCRemoteSwiftPackageReference;
			repositoryURL = "https://github.com/livekit/client-sdk-swift";
			requirement = {
				kind = upToNextMajorVersion;
				minimumVersion = 2.6.0;
			};
		};
/* End XCRemoteSwiftPackageReference section */
	};
	rootObject = DFCAAD042DE781030037ECE6 /* Project object */;
}
